
Microsoft Visual Studio Solution File, Format Version 12.00
# Visual Studio Version 17
VisualStudioVersion = 17.4.33205.214
MinimumVisualStudioVersion = 10.0.40219.1
Project("{FAE04EC0-301F-11D3-BF4B-00C04F79EFBC}") = "Cronometro", "Cronometro\Cronometro.csproj", "{3EAAB2C3-513A-46A9-8915-ED02FE4FCC31}"
EndProject
Global
	GlobalSection(SolutionConfigurationPlatforms) = preSolution
		Debug|Any CPU = Debug|Any CPU
		Release|Any CPU = Release|Any CPU
	EndGlobalSection
	GlobalSection(ProjectConfigurationPlatforms) = postSolution
		{3EAAB2C3-513A-46A9-8915-ED02FE4FCC31}.Debug|Any CPU.ActiveCfg = Debug|Any CPU
		{3EAAB2C3-513A-46A9-8915-ED02FE4FCC31}.Debug|Any CPU.Build.0 = Debug|Any CPU
		{3EAAB2C3-513A-46A9-8915-ED02FE4FCC31}.Release|Any CPU.ActiveCfg = Release|Any CPU
		{3EAAB2C3-513A-46A9-8915-ED02FE4FCC31}.Release|Any CPU.Build.0 = Release|Any CPU
	EndGlobalSection
	GlobalSection(SolutionProperties) = preSolution
		HideSolutionNode = FALSE
	EndGlobalSection
	GlobalSection(ExtensibilityGlobals) = postSolution
		SolutionGuid = {F9E7F93F-3E94-4C78-99AA-B4BCE144FBC4}
	EndGlobalSection
EndGlobal
